
Microsoft Visual Studio Solution File, Format Version 12.00
# Visual Studio Version 17
VisualStudioVersion = 17.11.35327.3
MinimumVisualStudioVersion = 10.0.40219.1
Project("{F184B08F-C81C-45F6-A57F-5ABD9991F28F}") = "Sample", "Sample.vbproj", "{52BEB5A0-75AD-41D3-89A7-AF1BA56C7AF6}"
EndProject
Global
	GlobalSection(SolutionConfigurationPlatforms) = preSolution
		Debug|Any CPU = Debug|Any CPU
		Release|Any CPU = Release|Any CPU
	EndGlobalSection
	GlobalSection(ProjectConfigurationPlatforms) = postSolution
		{52BEB5A0-75AD-41D3-89A7-AF1BA56C7AF6}.Debug|Any CPU.ActiveCfg = Debug|Any CPU
		{52BEB5A0-75AD-41D3-89A7-AF1BA56C7AF6}.Debug|Any CPU.Build.0 = Debug|Any CPU
		{52BEB5A0-75AD-41D3-89A7-AF1BA56C7AF6}.Release|Any CPU.ActiveCfg = Release|Any CPU
		{52BEB5A0-75AD-41D3-89A7-AF1BA56C7AF6}.Release|Any CPU.Build.0 = Release|Any CPU
	EndGlobalSection
	GlobalSection(SolutionProperties) = preSolution
		HideSolutionNode = FALSE
	EndGlobalSection
	GlobalSection(ExtensibilityGlobals) = postSolution
		SolutionGuid = {E64FB47A-AAFE-4CDC-8C9A-D246CCCC7C01}
	EndGlobalSection
EndGlobal
